
Microsoft Visual Studio Solution File, Format Version 12.00
# Visual Studio Version 16
VisualStudioVersion = 16.0.31424.327
MinimumVisualStudioVersion = 10.0.40219.1
Project("{FAE04EC0-301F-11D3-BF4B-00C04F79EFBC}") = "Vjezba3", "Vjezba3.csproj", "{255F846E-B43C-4ECB-B842-577C3B816D8B}"
EndProject
Global
	GlobalSection(SolutionConfigurationPlatforms) = preSolution
		Debug|Any CPU = Debug|Any CPU
		Release|Any CPU = Release|Any CPU
	EndGlobalSection
	GlobalSection(ProjectConfigurationPlatforms) = postSolution
		{255F846E-B43C-4ECB-B842-577C3B816D8B}.Debug|Any CPU.ActiveCfg = Debug|Any CPU
		{255F846E-B43C-4ECB-B842-577C3B816D8B}.Debug|Any CPU.Build.0 = Debug|Any CPU
		{255F846E-B43C-4ECB-B842-577C3B816D8B}.Release|Any CPU.ActiveCfg = Release|Any CPU
		{255F846E-B43C-4ECB-B842-577C3B816D8B}.Release|Any CPU.Build.0 = Release|Any CPU
	EndGlobalSection
	GlobalSection(SolutionProperties) = preSolution
		HideSolutionNode = FALSE
	EndGlobalSection
	GlobalSection(ExtensibilityGlobals) = postSolution
		SolutionGuid = {87133540-CE87-4BF3-A937-D50A9476A906}
	EndGlobalSection
EndGlobal
